dependencies:
- name: common
  repository: oci://registry-1.docker.io/bitnamicharts
  version: 2.27.0
- name: postgresql
  repository: oci://registry-1.docker.io/bitnamicharts
  version: 16.2.1
- name: keycloak
  repository: oci://registry-1.docker.io/bitnamicharts
  version: 24.2.1
- name: minio
  repository: oci://registry-1.docker.io/bitnamicharts
  version: 14.8.5
- name: rabbitmq
  repository: oci://registry-1.docker.io/bitnamicharts
  version: 15.0.6
digest: sha256:832257f598fc2adb7666d7507374bc155d231aa60e5d4d018b86eef501d469e8
generated: "2024-11-21T08:42:32.977268288-05:00"
