dependencies:
- name: postgresql
  repository: oci://registry-1.docker.io/bitnamicharts
  version: 16.2.1
- name: keycloak
  repository: oci://registry-1.docker.io/bitnamicharts
  version: 24.2.1
- name: minio
  repository: oci://registry-1.docker.io/bitnamicharts
  version: 14.8.5
- name: rabbitmq
  repository: oci://registry-1.docker.io/bitnamicharts
  version: 15.0.6
digest: sha256:93980095af857eba2a0eb19b1c4767dd17a7aad4f0ca6b6f57a829fd7d8bf49d
generated: "2024-11-21T08:00:30.510886075-05:00"
