dependencies:
- name: common
  repository: oci://registry-1.docker.io/bitnamicharts
  version: 2.28.0
- name: postgresql
  repository: oci://registry-1.docker.io/bitnamicharts
  version: 16.2.1
- name: keycloak
  repository: oci://registry-1.docker.io/bitnamicharts
  version: 24.2.1
- name: minio
  repository: oci://registry-1.docker.io/bitnamicharts
  version: 14.8.5
- name: rabbitmq
  repository: oci://registry-1.docker.io/bitnamicharts
  version: 15.0.6
- name: openfga
  repository: https://openfga.github.io/helm-charts
  version: 0.2.18
digest: sha256:fc54d83a1c6c745d4834d111415628df39f69ea8059e312fb2ef02ebfe1044a2
generated: "2024-12-11T14:35:19.512437315-05:00"
